// !$*UTF8*$!
{
	archiveVersion = 1;
	classes = {
	};
	objectVersion = 50;
	objects = {

/* Begin PBXBuildFile section */
		76078BD224EA293F00F751CC /* AppDelegate.swift in Sources */ = {isa = PBXBuildFile; fileRef = 76078BD124EA293F00F751CC /* AppDelegate.swift */; };
		76078BD424EA293F00F751CC /* SceneDelegate.swift in Sources */ = {isa = PBXBuildFile; fileRef = 76078BD324EA293F00F751CC /* SceneDelegate.swift */; };
		76078BD624EA293F00F751CC /* ViewController.swift in Sources */ = {isa = PBXBuildFile; fileRef = 76078BD524EA293F00F751CC /* ViewController.swift */; };
		76078BD924EA293F00F751CC /* Main.storyboard in Resources */ = {isa = PBXBuildFile; fileRef = 76078BD724EA293F00F751CC /* Main.storyboard */; };
		76078BDB24EA294200F751CC /* Assets.xcassets in Resources */ = {isa = PBXBuildFile; fileRef = 76078BDA24EA294200F751CC /* Assets.xcassets */; };
		76078BDE24EA294200F751CC /* LaunchScreen.storyboard in Resources */ = {isa = PBXBuildFile; fileRef = 76078BDC24EA294200F751CC /* LaunchScreen.storyboard */; };
		76078BE924EA294300F751CC /* TipperTests.swift in Sources */ = {isa = PBXBuildFile; fileRef = 76078BE824EA294300F751CC /* TipperTests.swift */; };
		76078BF424EA294300F751CC /* TipperUITests.swift in Sources */ = {isa = PBXBuildFile; fileRef = 76078BF324EA294300F751CC /* TipperUITests.swift */; };
		7652E3F424F0B42300FD774B /* SettingsViewController.swift in Sources */ = {isa = PBXBuildFile; fileRef = 7652E3F324F0B42300FD774B /* SettingsViewController.swift */; };
/* End PBXBuildFile section */

/* Begin PBXContainerItemProxy section */
		76078BE524EA294300F751CC /* PBXContainerItemProxy */ = {
			isa = PBXContainerItemProxy;
			containerPortal = 76078BC624EA293F00F751CC /* Project object */;
			proxyType = 1;
			remoteGlobalIDString = 76078BCD24EA293F00F751CC;
			remoteInfo = Tipper;
		};
		76078BF024EA294300F751CC /* PBXContainerItemProxy */ = {
			isa = PBXContainerItemProxy;
			containerPortal = 76078BC624EA293F00F751CC /* Project object */;
			proxyType = 1;
			remoteGlobalIDString = 76078BCD24EA293F00F751CC;
			remoteInfo = Tipper;
		};
/* End PBXContainerItemProxy section */

/* Begin PBXFileReference section */
		76078BCE24EA293F00F751CC /* Tipper.app */ = {isa = PBXFileReference; explicitFileType = wrapper.application; includeInIndex = 0; path = Tipper.app; sourceTree = BUILT_PRODUCTS_DIR; };
		76078BD124EA293F00F751CC /* AppDelegate.swift */ = {isa = PBXFileReference; lastKnownFileType = sourcecode.swift; path = AppDelegate.swift; sourceTree = "<group>"; };
		76078BD324EA293F00F751CC /* SceneDelegate.swift */ = {isa = PBXFileReference; lastKnownFileType = sourcecode.swift; path = SceneDelegate.swift; sourceTree = "<group>"; };
		76078BD524EA293F00F751CC /* ViewController.swift */ = {isa = PBXFileReference; lastKnownFileType = sourcecode.swift; path = ViewController.swift; sourceTree = "<group>"; };
		76078BD824EA293F00F751CC /* Base */ = {isa = PBXFileReference; lastKnownFileType = file.storyboard; name = Base; path = Base.lproj/Main.storyboard; sourceTree = "<group>"; };
		76078BDA24EA294200F751CC /* Assets.xcassets */ = {isa = PBXFileReference; lastKnownFileType = folder.assetcatalog; path = Assets.xcassets; sourceTree = "<group>"; };
		76078BDD24EA294200F751CC /* Base */ = {isa = PBXFileReference; lastKnownFileType = file.storyboard; name = Base; path = Base.lproj/LaunchScreen.storyboard; sourceTree = "<group>"; };
		76078BDF24EA294200F751CC /* Info.plist */ = {isa = PBXFileReference; lastKnownFileType = text.plist.xml; path = Info.plist; sourceTree = "<group>"; };
		76078BE424EA294300F751CC /* TipperTests.xctest */ = {isa = PBXFileReference; explicitFileType = wrapper.cfbundle; includeInIndex = 0; path = TipperTests.xctest; sourceTree = BUILT_PRODUCTS_DIR; };
		76078BE824EA294300F751CC /* TipperTests.swift */ = {isa = PBXFileReference; lastKnownFileType = sourcecode.swift; path = TipperTests.swift; sourceTree = "<group>"; };
		76078BEA24EA294300F751CC /* Info.plist */ = {isa = PBXFileReference; lastKnownFileType = text.plist.xml; path = Info.plist; sourceTree = "<group>"; };
		76078BEF24EA294300F751CC /* TipperUITests.xctest */ = {isa = PBXFileReference; explicitFileType = wrapper.cfbundle; includeInIndex = 0; path = TipperUITests.xctest; sourceTree = BUILT_PRODUCTS_DIR; };
		76078BF324EA294300F751CC /* TipperUITests.swift */ = {isa = PBXFileReference; lastKnownFileType = sourcecode.swift; path = TipperUITests.swift; sourceTree = "<group>"; };
		76078BF524EA294300F751CC /* Info.plist */ = {isa = PBXFileReference; lastKnownFileType = text.plist.xml; path = Info.plist; sourceTree = "<group>"; };
		7652E3F324F0B42300FD774B /* SettingsViewController.swift */ = {isa = PBXFileReference; lastKnownFileType = sourcecode.swift; path = SettingsViewController.swift; sourceTree = "<group>"; };
/* End PBXFileReference section */

/* Begin PBXFrameworksBuildPhase section */
		76078BCB24EA293F00F751CC /* Frameworks */ = {
			isa = PBXFrameworksBuildPhase;
			buildActionMask = 2147483647;
			files = (
			);
			runOnlyForDeploymentPostprocessing = 0;
		};
		76078BE124EA294300F751CC /* Frameworks */ = {
			isa = PBXFrameworksBuildPhase;
			buildActionMask = 2147483647;
			files = (
			);
			runOnlyForDeploymentPostprocessing = 0;
		};
		76078BEC24EA294300F751CC /* Frameworks */ = {
			isa = PBXFrameworksBuildPhase;
			buildActionMask = 2147483647;
			files = (
			);
			runOnlyForDeploymentPostprocessing = 0;
		};
/* End PBXFrameworksBuildPhase section */

/* Begin PBXGroup section */
		76078BC524EA293F00F751CC = {
			isa = PBXGroup;
			children = (
				76078BD024EA293F00F751CC /* Tipper */,
				76078BE724EA294300F751CC /* TipperTests */,
				76078BF224EA294300F751CC /* TipperUITests */,
				76078BCF24EA293F00F751CC /* Products */,
			);
			sourceTree = "<group>";
		};
		76078BCF24EA293F00F751CC /* Products */ = {
			isa = PBXGroup;
			children = (
				76078BCE24EA293F00F751CC /* Tipper.app */,
				76078BE424EA294300F751CC /* TipperTests.xctest */,
				76078BEF24EA294300F751CC /* TipperUITests.xctest */,
			);
			name = Products;
			sourceTree = "<group>";
		};
		76078BD024EA293F00F751CC /* Tipper */ = {
			isa = PBXGroup;
			children = (
				76078BD124EA293F00F751CC /* AppDelegate.swift */,
				76078BD324EA293F00F751CC /* SceneDelegate.swift */,
				76078BD524EA293F00F751CC /* ViewController.swift */,
				76078BD724EA293F00F751CC /* Main.storyboard */,
				7652E3F324F0B42300FD774B /* SettingsViewController.swift */,
				76078BDA24EA294200F751CC /* Assets.xcassets */,
				76078BDC24EA294200F751CC /* LaunchScreen.storyboard */,
				76078BDF24EA294200F751CC /* Info.plist */,
			);
			path = Tipper;
			sourceTree = "<group>";
		};
		76078BE724EA294300F751CC /* TipperTests */ = {
			isa = PBXGroup;
			children = (
				76078BE824EA294300F751CC /* TipperTests.swift */,
				76078BEA24EA294300F751CC /* Info.plist */,
			);
			path = TipperTests;
			sourceTree = "<group>";
		};
		76078BF224EA294300F751CC /* TipperUITests */ = {
			isa = PBXGroup;
			children = (
				76078BF324EA294300F751CC /* TipperUITests.swift */,
				76078BF524EA294300F751CC /* Info.plist */,
			);
			path = TipperUITests;
			sourceTree = "<group>";
		};
/* End PBXGroup section */

/* Begin PBXNativeTarget section */
		76078BCD24EA293F00F751CC /* Tipper */ = {
			isa = PBXNativeTarget;
			buildConfigurationList = 76078BF824EA294300F751CC /* Build configuration list for PBXNativeTarget "Tipper" */;
			buildPhases = (
				76078BCA24EA293F00F751CC /* Sources */,
				76078BCB24EA293F00F751CC /* Frameworks */,
				76078BCC24EA293F00F751CC /* Resources */,
			);
			buildRules = (
			);
			dependencies = (
			);
			name = Tipper;
			productName = Tipper;
			productReference = 76078BCE24EA293F00F751CC /* Tipper.app */;
			productType = "com.apple.product-type.application";
		};
		76078BE324EA294300F751CC /* TipperTests */ = {
			isa = PBXNativeTarget;
			buildConfigurationList = 76078BFB24EA294300F751CC /* Build configuration list for PBXNativeTarget "TipperTests" */;
			buildPhases = (
				76078BE024EA294300F751CC /* Sources */,
				76078BE124EA294300F751CC /* Frameworks */,
				76078BE224EA294300F751CC /* Resources */,
			);
			buildRules = (
			);
			dependencies = (
				76078BE624EA294300F751CC /* PBXTargetDependency */,
			);
			name = TipperTests;
			productName = TipperTests;
			productReference = 76078BE424EA294300F751CC /* TipperTests.xctest */;
			productType = "com.apple.product-type.bundle.unit-test";
		};
		76078BEE24EA294300F751CC /* TipperUITests */ = {
			isa = PBXNativeTarget;
			buildConfigurationList = 76078BFE24EA294300F751CC /* Build configuration list for PBXNativeTarget "TipperUITests" */;
			buildPhases = (
				76078BEB24EA294300F751CC /* Sources */,
				76078BEC24EA294300F751CC /* Frameworks */,
				76078BED24EA294300F751CC /* Resources */,
			);
			buildRules = (
			);
			dependencies = (
				76078BF124EA294300F751CC /* PBXTargetDependency */,
			);
			name = TipperUITests;
			productName = TipperUITests;
			productReference = 76078BEF24EA294300F751CC /* TipperUITests.xctest */;
			productType = "com.apple.product-type.bundle.ui-testing";
		};
/* End PBXNativeTarget section */

/* Begin PBXProject section */
		76078BC624EA293F00F751CC /* Project object */ = {
			isa = PBXProject;
			attributes = {
				LastSwiftUpdateCheck = 1160;
				LastUpgradeCheck = 1160;
				ORGANIZATIONNAME = "Christina Ng";
				TargetAttributes = {
					76078BCD24EA293F00F751CC = {
						CreatedOnToolsVersion = 11.6;
					};
					76078BE324EA294300F751CC = {
						CreatedOnToolsVersion = 11.6;
						TestTargetID = 76078BCD24EA293F00F751CC;
					};
					76078BEE24EA294300F751CC = {
						CreatedOnToolsVersion = 11.6;
						TestTargetID = 76078BCD24EA293F00F751CC;
					};
				};
			};
			buildConfigurationList = 76078BC924EA293F00F751CC /* Build configuration list for PBXProject "Tipper" */;
			compatibilityVersion = "Xcode 9.3";
			developmentRegion = en;
			hasScannedForEncodings = 0;
			knownRegions = (
				en,
				Base,
			);
			mainGroup = 76078BC524EA293F00F751CC;
			productRefGroup = 76078BCF24EA293F00F751CC /* Products */;
			projectDirPath = "";
			projectRoot = "";
			targets = (
				76078BCD24EA293F00F751CC /* Tipper */,
				76078BE324EA294300F751CC /* TipperTests */,
				76078BEE24EA294300F751CC /* TipperUITests */,
			);
		};
/* End PBXProject section */

/* Begin PBXResourcesBuildPhase section */
		76078BCC24EA293F00F751CC /* Resources */ = {
			isa = PBXResourcesBuildPhase;
			buildActionMask = 2147483647;
			files = (
				76078BDE24EA294200F751CC /* LaunchScreen.storyboard in Resources */,
				76078BDB24EA294200F751CC /* Assets.xcassets in Resources */,
				76078BD924EA293F00F751CC /* Main.storyboard in Resources */,
			);
			runOnlyForDeploymentPostprocessing = 0;
		};
		76078BE224EA294300F751CC /* Resources */ = {
			isa = PBXResourcesBuildPhase;
			buildActionMask = 2147483647;
			files = (
			);
			runOnlyForDeploymentPostprocessing = 0;
		};
		76078BED24EA294300F751CC /* Resources */ = {
			isa = PBXResourcesBuildPhase;
			buildActionMask = 2147483647;
			files = (
			);
			runOnlyForDeploymentPostprocessing = 0;
		};
/* End PBXResourcesBuildPhase section */

/* Begin PBXSourcesBuildPhase section */
		76078BCA24EA293F00F751CC /* Sources */ = {
			isa = PBXSourcesBuildPhase;
			buildActionMask = 2147483647;
			files = (
				76078BD624EA293F00F751CC /* ViewController.swift in Sources */,
				76078BD224EA293F00F751CC /* AppDelegate.swift in Sources */,
				76078BD424EA293F00F751CC /* SceneDelegate.swift in Sources */,
				7652E3F424F0B42300FD774B /* SettingsViewController.swift in Sources */,
			);
			runOnlyForDeploymentPostprocessing = 0;
		};
		76078BE024EA294300F751CC /* Sources */ = {
			isa = PBXSourcesBuildPhase;
			buildActionMask = 2147483647;
			files = (
				76078BE924EA294300F751CC /* TipperTests.swift in Sources */,
			);
			runOnlyForDeploymentPostprocessing = 0;
		};
		76078BEB24EA294300F751CC /* Sources */ = {
			isa = PBXSourcesBuildPhase;
			buildActionMask = 2147483647;
			files = (
				76078BF424EA294300F751CC /* TipperUITests.swift in Sources */,
			);
			runOnlyForDeploymentPostprocessing = 0;
		};
/* End PBXSourcesBuildPhase section */

/* Begin PBXTargetDependency section */
		76078BE624EA294300F751CC /* PBXTargetDependency */ = {
			isa = PBXTargetDependency;
			target = 76078BCD24EA293F00F751CC /* Tipper */;
			targetProxy = 76078BE524EA294300F751CC /* PBXContainerItemProxy */;
		};
		76078BF124EA294300F751CC /* PBXTargetDependency */ = {
			isa = PBXTargetDependency;
			target = 76078BCD24EA293F00F751CC /* Tipper */;
			targetProxy = 76078BF024EA294300F751CC /* PBXContainerItemProxy */;
		};
/* End PBXTargetDependency section */

/* Begin PBXVariantGroup section */
		76078BD724EA293F00F751CC /* Main.storyboard */ = {
			isa = PBXVariantGroup;
			children = (
				76078BD824EA293F00F751CC /* Base */,
			);
			name = Main.storyboard;
			sourceTree = "<group>";
		};
		76078BDC24EA294200F751CC /* LaunchScreen.storyboard */ = {
			isa = PBXVariantGroup;
			children = (
				76078BDD24EA294200F751CC /* Base */,
			);
			name = LaunchScreen.storyboard;
			sourceTree = "<group>";
		};
/* End PBXVariantGroup section */

/* Begin XCBuildConfiguration section */
		76078BF624EA294300F751CC /* Debug */ = {
			isa = XCBuildConfiguration;
			buildSettings = {
				ALWAYS_SEARCH_USER_PATHS = NO;
				CLANG_ANALYZER_NONNULL = YES;
				CLANG_ANALYZER_NUMBER_OBJECT_CONVERSION = YES_AGGRESSIVE;
				CLANG_CXX_LANGUAGE_STANDARD = "gnu++14";
				CLANG_CXX_LIBRARY = "libc++";
				CLANG_ENABLE_MODULES = YES;
				CLANG_ENABLE_OBJC_ARC = YES;
				CLANG_ENABLE_OBJC_WEAK = YES;
				CLANG_WARN_BLOCK_CAPTURE_AUTORELEASING = YES;
				CLANG_WARN_BOOL_CONVERSION = YES;
				CLANG_WARN_COMMA = YES;
				CLANG_WARN_CONSTANT_CONVERSION = YES;
				CLANG_WARN_DEPRECATED_OBJC_IMPLEMENTATIONS = YES;
				CLANG_WARN_DIRECT_OBJC_ISA_USAGE = YES_ERROR;
				CLANG_WARN_DOCUMENTATION_COMMENTS = YES;
				CLANG_WARN_EMPTY_BODY = YES;
				CLANG_WARN_ENUM_CONVERSION = YES;
				CLANG_WARN_INFINITE_RECURSION = YES;
				CLANG_WARN_INT_CONVERSION = YES;
				CLANG_WARN_NON_LITERAL_NULL_CONVERSION = YES;
				CLANG_WARN_OBJC_IMPLICIT_RETAIN_SELF = YES;
				CLANG_WARN_OBJC_LITERAL_CONVERSION = YES;
				CLANG_WARN_OBJC_ROOT_CLASS = YES_ERROR;
				CLANG_WARN_RANGE_LOOP_ANALYSIS = YES;
				CLANG_WARN_STRICT_PROTOTYPES = YES;
				CLANG_WARN_SUSPICIOUS_MOVE = YES;
				CLANG_WARN_UNGUARDED_AVAILABILITY = YES_AGGRESSIVE;
				CLANG_WARN_UNREACHABLE_CODE = YES;
				CLANG_WARN__DUPLICATE_METHOD_MATCH = YES;
				COPY_PHASE_STRIP = NO;
				DEBUG_INFORMATION_FORMAT = dwarf;
				ENABLE_STRICT_OBJC_MSGSEND = YES;
				ENABLE_TESTABILITY = YES;
				GCC_C_LANGUAGE_STANDARD = gnu11;
				GCC_DYNAMIC_NO_PIC = NO;
				GCC_NO_COMMON_BLOCKS = YES;
				GCC_OPTIMIZATION_LEVEL = 0;
				GCC_PREPROCESSOR_DEFINITIONS = (
					"DEBUG=1",
					"$(inherited)",
				);
				GCC_WARN_64_TO_32_BIT_CONVERSION = YES;
				GCC_WARN_ABOUT_RETURN_TYPE = YES_ERROR;
				GCC_WARN_UNDECLARED_SELECTOR = YES;
				GCC_WARN_UNINITIALIZED_AUTOS = YES_AGGRESSIVE;
				GCC_WARN_UNUSED_FUNCTION = YES;
				GCC_WARN_UNUSED_VARIABLE = YES;
				IPHONEOS_DEPLOYMENT_TARGET = 13.6;
				MTL_ENABLE_DEBUG_INFO = INCLUDE_SOURCE;
				MTL_FAST_MATH = YES;
				ONLY_ACTIVE_ARCH = YES;
				SDKROOT = iphoneos;
				SWIFT_ACTIVE_COMPILATION_CONDITIONS = DEBUG;
				SWIFT_OPTIMIZATION_LEVEL = "-Onone";
			};
			name = Debug;
		};
		76078BF724EA294300F751CC /* Release */ = {
			isa = XCBuildConfiguration;
			buildSettings = {
				ALWAYS_SEARCH_USER_PATHS = NO;
				CLANG_ANALYZER_NONNULL = YES;
				CLANG_ANALYZER_NUMBER_OBJECT_CONVERSION = YES_AGGRESSIVE;
				CLANG_CXX_LANGUAGE_STANDARD = "gnu++14";
				CLANG_CXX_LIBRARY = "libc++";
				CLANG_ENABLE_MODULES = YES;
				CLANG_ENABLE_OBJC_ARC = YES;
				CLANG_ENABLE_OBJC_WEAK = YES;
				CLANG_WARN_BLOCK_CAPTURE_AUTORELEASING = YES;
				CLANG_WARN_BOOL_CONVERSION = YES;
				CLANG_WARN_COMMA = YES;
				CLANG_WARN_CONSTANT_CONVERSION = YES;
				CLANG_WARN_DEPRECATED_OBJC_IMPLEMENTATIONS = YES;
				CLANG_WARN_DIRECT_OBJC_ISA_USAGE = YES_ERROR;
				CLANG_WARN_DOCUMENTATION_COMMENTS = YES;
				CLANG_WARN_EMPTY_BODY = YES;
				CLANG_WARN_ENUM_CONVERSION = YES;
				CLANG_WARN_INFINITE_RECURSION = YES;
				CLANG_WARN_INT_CONVERSION = YES;
				CLANG_WARN_NON_LITERAL_NULL_CONVERSION = YES;
				CLANG_WARN_OBJC_IMPLICIT_RETAIN_SELF = YES;
				CLANG_WARN_OBJC_LITERAL_CONVERSION = YES;
				CLANG_WARN_OBJC_ROOT_CLASS = YES_ERROR;
				CLANG_WARN_RANGE_LOOP_ANALYSIS = YES;
				CLANG_WARN_STRICT_PROTOTYPES = YES;
				CLANG_WARN_SUSPICIOUS_MOVE = YES;
				CLANG_WARN_UNGUARDED_AVAILABILITY = YES_AGGRESSIVE;
				CLANG_WARN_UNREACHABLE_CODE = YES;
				CLANG_WARN__DUPLICATE_METHOD_MATCH = YES;
				COPY_PHASE_STRIP = NO;
				DEBUG_INFORMATION_FORMAT = "dwarf-with-dsym";
				ENABLE_NS_ASSERTIONS = NO;
				ENABLE_STRICT_OBJC_MSGSEND = YES;
				GCC_C_LANGUAGE_STANDARD = gnu11;
				GCC_NO_COMMON_BLOCKS = YES;
				GCC_WARN_64_TO_32_BIT_CONVERSION = YES;
				GCC_WARN_ABOUT_RETURN_TYPE = YES_ERROR;
				GCC_WARN_UNDECLARED_SELECTOR = YES;
				GCC_WARN_UNINITIALIZED_AUTOS = YES_AGGRESSIVE;
				GCC_WARN_UNUSED_FUNCTION = YES;
				GCC_WARN_UNUSED_VARIABLE = YES;
				IPHONEOS_DEPLOYMENT_TARGET = 13.6;
				MTL_ENABLE_DEBUG_INFO = NO;
				MTL_FAST_MATH = YES;
				SDKROOT = iphoneos;
				SWIFT_COMPILATION_MODE = wholemodule;
				SWIFT_OPTIMIZATION_LEVEL = "-O";
				VALIDATE_PRODUCT = YES;
			};
			name = Release;
		};
		76078BF924EA294300F751CC /* Debug */ = {
			isa = XCBuildConfiguration;
			buildSettings = {
				ASSETCATALOG_COMPILER_APPICON_NAME = AppIcon;
				CODE_SIGN_STYLE = Automatic;
				DEVELOPMENT_TEAM = AFPT4484DB;
				INFOPLIST_FILE = Tipper/Info.plist;
				LD_RUNPATH_SEARCH_PATHS = (
					"$(inherited)",
					"@executable_path/Frameworks",
				);
				PRODUCT_BUNDLE_IDENTIFIER = ChristinaNg.Tipper;
				PRODUCT_NAME = "$(TARGET_NAME)";
				SWIFT_VERSION = 5.0;
				TARGETED_DEVICE_FAMILY = "1,2";
			};
			name = Debug;
		};
		76078BFA24EA294300F751CC /* Release */ = {
			isa = XCBuildConfiguration;
			buildSettings = {
				ASSETCATALOG_COMPILER_APPICON_NAME = AppIcon;
				CODE_SIGN_STYLE = Automatic;
				DEVELOPMENT_TEAM = AFPT4484DB;
				INFOPLIST_FILE = Tipper/Info.plist;
				LD_RUNPATH_SEARCH_PATHS = (
					"$(inherited)",
					"@executable_path/Frameworks",
				);
				PRODUCT_BUNDLE_IDENTIFIER = ChristinaNg.Tipper;
				PRODUCT_NAME = "$(TARGET_NAME)";
				SWIFT_VERSION = 5.0;
				TARGETED_DEVICE_FAMILY = "1,2";
			};
			name = Release;
		};
		76078BFC24EA294300F751CC /* Debug */ = {
			isa = XCBuildConfiguration;
			buildSettings = {
				ALWAYS_EMBED_SWIFT_STANDARD_LIBRARIES = YES;
				BUNDLE_LOADER = "$(TEST_HOST)";
				CODE_SIGN_STYLE = Automatic;
				DEVELOPMENT_TEAM = AFPT4484DB;
				INFOPLIST_FILE = TipperTests/Info.plist;
				IPHONEOS_DEPLOYMENT_TARGET = 13.6;
				LD_RUNPATH_SEARCH_PATHS = (
					"$(inherited)",
					"@executable_path/Frameworks",
					"@loader_path/Frameworks",
				);
				PRODUCT_BUNDLE_IDENTIFIER = ChristinaNg.TipperTests;
				PRODUCT_NAME = "$(TARGET_NAME)";
				SWIFT_VERSION = 5.0;
				TARGETED_DEVICE_FAMILY = "1,2";
				TEST_HOST = "$(BUILT_PRODUCTS_DIR)/Tipper.app/Tipper";
			};
			name = Debug;
		};
		76078BFD24EA294300F751CC /* Release */ = {
			isa = XCBuildConfiguration;
			buildSettings = {
				ALWAYS_EMBED_SWIFT_STANDARD_LIBRARIES = YES;
				BUNDLE_LOADER = "$(TEST_HOST)";
				CODE_SIGN_STYLE = Automatic;
				DEVELOPMENT_TEAM = AFPT4484DB;
				INFOPLIST_FILE = TipperTests/Info.plist;
				IPHONEOS_DEPLOYMENT_TARGET = 13.6;
				LD_RUNPATH_SEARCH_PATHS = (
					"$(inherited)",
					"@executable_path/Frameworks",
					"@loader_path/Frameworks",
				);
				PRODUCT_BUNDLE_IDENTIFIER = ChristinaNg.TipperTests;
				PRODUCT_NAME = "$(TARGET_NAME)";
				SWIFT_VERSION = 5.0;
				TARGETED_DEVICE_FAMILY = "1,2";
				TEST_HOST = "$(BUILT_PRODUCTS_DIR)/Tipper.app/Tipper";
			};
			name = Release;
		};
		76078BFF24EA294300F751CC /* Debug */ = {
			isa = XCBuildConfiguration;
			buildSettings = {
				ALWAYS_EMBED_SWIFT_STANDARD_LIBRARIES = YES;
				CODE_SIGN_STYLE = Automatic;
				DEVELOPMENT_TEAM = AFPT4484DB;
				INFOPLIST_FILE = TipperUITests/Info.plist;
				LD_RUNPATH_SEARCH_PATHS = (
					"$(inherited)",
					"@executable_path/Frameworks",
					"@loader_path/Frameworks",
				);
				PRODUCT_BUNDLE_IDENTIFIER = ChristinaNg.TipperUITests;
				PRODUCT_NAME = "$(TARGET_NAME)";
				SWIFT_VERSION = 5.0;
				TARGETED_DEVICE_FAMILY = "1,2";
				TEST_TARGET_NAME = Tipper;
			};
			name = Debug;
		};
		76078C0024EA294300F751CC /* Release */ = {
			isa = XCBuildConfiguration;
			buildSettings = {
				ALWAYS_EMBED_SWIFT_STANDARD_LIBRARIES = YES;
				CODE_SIGN_STYLE = Automatic;
				DEVELOPMENT_TEAM = AFPT4484DB;
				INFOPLIST_FILE = TipperUITests/Info.plist;
				LD_RUNPATH_SEARCH_PATHS = (
					"$(inherited)",
					"@executable_path/Frameworks",
					"@loader_path/Frameworks",
				);
				PRODUCT_BUNDLE_IDENTIFIER = ChristinaNg.TipperUITests;
				PRODUCT_NAME = "$(TARGET_NAME)";
				SWIFT_VERSION = 5.0;
				TARGETED_DEVICE_FAMILY = "1,2";
				TEST_TARGET_NAME = Tipper;
			};
			name = Release;
		};
/* End XCBuildConfiguration section */

/* Begin XCConfigurationList section */
		76078BC924EA293F00F751CC /* Build configuration list for PBXProject "Tipper" */ = {
			isa = XCConfigurationList;
			buildConfigurations = (
				76078BF624EA294300F751CC /* Debug */,
				76078BF724EA294300F751CC /* Release */,
			);
			defaultConfigurationIsVisible = 0;
			defaultConfigurationName = Release;
		};
		76078BF824EA294300F751CC /* Build configuration list for PBXNativeTarget "Tipper" */ = {
			isa = XCConfigurationList;
			buildConfigurations = (
				76078BF924EA294300F751CC /* Debug */,
				76078BFA24EA294300F751CC /* Release */,
			);
			defaultConfigurationIsVisible = 0;
			defaultConfigurationName = Release;
		};
		76078BFB24EA294300F751CC /* Build configuration list for PBXNativeTarget "TipperTests" */ = {
			isa = XCConfigurationList;
			buildConfigurations = (
				76078BFC24EA294300F751CC /* Debug */,
				76078BFD24EA294300F751CC /* Release */,
			);
			defaultConfigurationIsVisible = 0;
			defaultConfigurationName = Release;
		};
		76078BFE24EA294300F751CC /* Build configuration list for PBXNativeTarget "TipperUITests" */ = {
			isa = XCConfigurationList;
			buildConfigurations = (
				76078BFF24EA294300F751CC /* Debug */,
				76078C0024EA294300F751CC /* Release */,
			);
			defaultConfigurationIsVisible = 0;
			defaultConfigurationName = Release;
		};
/* End XCConfigurationList section */
	};
	rootObject = 76078BC624EA293F00F751CC /* Project object */;
}
